
Microsoft Visual Studio Solution File, Format Version 12.00
# Visual Studio Version 17
VisualStudioVersion = 17.14.36121.58
MinimumVisualStudioVersion = 10.0.40219.1
Project("{FAE04EC0-301F-11D3-BF4B-00C04F79EFBC}") = "Uno-E-Commerce", "Uno-E-Commerce\Uno-E-Commerce.csproj", "{FCD657BD-10D7-438A-973D-EA74E9797AF4}"
EndProject
Global
	GlobalSection(SolutionConfigurationPlatforms) = preSolution
		Debug|Any CPU = Debug|Any CPU
		Release|Any CPU = Release|Any CPU
	EndGlobalSection
	GlobalSection(ProjectConfigurationPlatforms) = postSolution
		{FCD657BD-10D7-438A-973D-EA74E9797AF4}.Debug|Any CPU.ActiveCfg = Debug|Any CPU
		{FCD657BD-10D7-438A-973D-EA74E9797AF4}.Debug|Any CPU.Build.0 = Debug|Any CPU
		{FCD657BD-10D7-438A-973D-EA74E9797AF4}.Release|Any CPU.ActiveCfg = Release|Any CPU
		{FCD657BD-10D7-438A-973D-EA74E9797AF4}.Release|Any CPU.Build.0 = Release|Any CPU
	EndGlobalSection
	GlobalSection(SolutionProperties) = preSolution
		HideSolutionNode = FALSE
	EndGlobalSection
	GlobalSection(ExtensibilityGlobals) = postSolution
		SolutionGuid = {178A9E07-9D96-412A-8DAA-FD0A7B71FCC6}
	EndGlobalSection
EndGlobal
